// !$*UTF8*$!
{
	archiveVersion = 1;
	classes = {
	};
	objectVersion = 77;
	objects = {

/* Begin PBXFileReference section */
		1E924BF42EE4F5E70036DF8F /* chess_engine_parallelized.cpp.o */ = {isa = PBXFileReference; lastKnownFileType = "compiled.mach-o.objfile"; path = chess_engine_parallelized.cpp.o; sourceTree = "<group>"; };
		1E924BF52EE4F5E70036DF8F /* tests.cpp.o */ = {isa = PBXFileReference; lastKnownFileType = "compiled.mach-o.objfile"; path = tests.cpp.o; sourceTree = "<group>"; };
		1E924BF82EE4F5E70036DF8F /* intro-benchmarks.json */ = {isa = PBXFileReference; lastKnownFileType = text.json; path = "intro-benchmarks.json"; sourceTree = "<group>"; };
		1E924BF92EE4F5E70036DF8F /* intro-buildoptions.json */ = {isa = PBXFileReference; lastKnownFileType = text.json; path = "intro-buildoptions.json"; sourceTree = "<group>"; };
		1E924BFA2EE4F5E70036DF8F /* intro-buildsystem_files.json */ = {isa = PBXFileReference; lastKnownFileType = text.json; path = "intro-buildsystem_files.json"; sourceTree = "<group>"; };
		1E924BFB2EE4F5E70036DF8F /* intro-compilers.json */ = {isa = PBXFileReference; lastKnownFileType = text.json; path = "intro-compilers.json"; sourceTree = "<group>"; };
		1E924BFC2EE4F5E70036DF8F /* intro-dependencies.json */ = {isa = PBXFileReference; lastKnownFileType = text.json; path = "intro-dependencies.json"; sourceTree = "<group>"; };
		1E924BFD2EE4F5E70036DF8F /* intro-install_plan.json */ = {isa = PBXFileReference; lastKnownFileType = text.json; path = "intro-install_plan.json"; sourceTree = "<group>"; };
		1E924BFE2EE4F5E70036DF8F /* intro-installed.json */ = {isa = PBXFileReference; lastKnownFileType = text.json; path = "intro-installed.json"; sourceTree = "<group>"; };
		1E924BFF2EE4F5E70036DF8F /* intro-machines.json */ = {isa = PBXFileReference; lastKnownFileType = text.json; path = "intro-machines.json"; sourceTree = "<group>"; };
		1E924C002EE4F5E70036DF8F /* intro-projectinfo.json */ = {isa = PBXFileReference; lastKnownFileType = text.json; path = "intro-projectinfo.json"; sourceTree = "<group>"; };
		1E924C012EE4F5E70036DF8F /* intro-targets.json */ = {isa = PBXFileReference; lastKnownFileType = text.json; path = "intro-targets.json"; sourceTree = "<group>"; };
		1E924C022EE4F5E70036DF8F /* intro-tests.json */ = {isa = PBXFileReference; lastKnownFileType = text.json; path = "intro-tests.json"; sourceTree = "<group>"; };
		1E924C032EE4F5E70036DF8F /* meson-info.json */ = {isa = PBXFileReference; lastKnownFileType = text.json; path = "meson-info.json"; sourceTree = "<group>"; };
		1E924C052EE4F5E70036DF8F /* meson-log.txt */ = {isa = PBXFileReference; lastKnownFileType = text; path = "meson-log.txt"; sourceTree = "<group>"; };
		1E924C072EE4F5E70036DF8F /* build.dat */ = {isa = PBXFileReference; lastKnownFileType = file; path = build.dat; sourceTree = "<group>"; };
		1E924C082EE4F5E70036DF8F /* cmd_line.txt */ = {isa = PBXFileReference; lastKnownFileType = text; path = cmd_line.txt; sourceTree = "<group>"; };
		1E924C092EE4F5E70036DF8F /* coredata.dat */ = {isa = PBXFileReference; lastKnownFileType = file; path = coredata.dat; sourceTree = "<group>"; };
		1E924C0A2EE4F5E70036DF8F /* coredata.dat.prev */ = {isa = PBXFileReference; lastKnownFileType = file; path = coredata.dat.prev; sourceTree = "<group>"; };
		1E924C0B2EE4F5E70036DF8F /* install.dat */ = {isa = PBXFileReference; lastKnownFileType = file; path = install.dat; sourceTree = "<group>"; };
		1E924C0C2EE4F5E70036DF8F /* meson.lock */ = {isa = PBXFileReference; lastKnownFileType = text; path = meson.lock; sourceTree = "<group>"; };
		1E924C0D2EE4F5E70036DF8F /* meson_benchmark_setup.dat */ = {isa = PBXFileReference; lastKnownFileType = file; path = meson_benchmark_setup.dat; sourceTree = "<group>"; };
		1E924C0E2EE4F5E70036DF8F /* meson_test_setup.dat */ = {isa = PBXFileReference; lastKnownFileType = file; path = meson_test_setup.dat; sourceTree = "<group>"; };
		1E924C0F2EE4F5E70036DF8F /* sanitycheckcpp.cc */ = {isa = PBXFileReference; lastKnownFileType = sourcecode.cpp.cpp; path = sanitycheckcpp.cc; sourceTree = "<group>"; };
		1E924C102EE4F5E70036DF8F /* sanitycheckcpp.exe */ = {isa = PBXFileReference; lastKnownFileType = "compiled.mach-o.executable"; path = sanitycheckcpp.exe; sourceTree = "<group>"; };
		1E924C122EE4F5E70036DF8F /* .gitignore */ = {isa = PBXFileReference; lastKnownFileType = text; path = .gitignore; sourceTree = "<group>"; };
		1E924C132EE4F5E70036DF8F /* .hgignore */ = {isa = PBXFileReference; lastKnownFileType = text; path = .hgignore; sourceTree = "<group>"; };
		1E924C142EE4F5E70036DF8F /* .ninja_deps */ = {isa = PBXFileReference; lastKnownFileType = file; path = .ninja_deps; sourceTree = "<group>"; };
		1E924C152EE4F5E70036DF8F /* .ninja_log */ = {isa = PBXFileReference; lastKnownFileType = text; path = .ninja_log; sourceTree = "<group>"; };
		1E924C162EE4F5E70036DF8F /* build.ninja */ = {isa = PBXFileReference; lastKnownFileType = text; path = build.ninja; sourceTree = "<group>"; };
		1E924C172EE4F5E70036DF8F /* chess-tests */ = {isa = PBXFileReference; lastKnownFileType = "compiled.mach-o.executable"; path = "chess-tests"; sourceTree = "<group>"; };
		1E924C182EE4F5E70036DF8F /* compile_commands.json */ = {isa = PBXFileReference; lastKnownFileType = text.json; path = compile_commands.json; sourceTree = "<group>"; };
		1E924C1A2EE4F5E70036DF8F /* chess_engine_parallelized.cpp */ = {isa = PBXFileReference; lastKnownFileType = sourcecode.cpp.cpp; path = chess_engine_parallelized.cpp; sourceTree = "<group>"; };
		1E924C1B2EE4F5E70036DF8F /* chess_sequential.cpp */ = {isa = PBXFileReference; lastKnownFileType = sourcecode.cpp.cpp; path = chess_sequential.cpp; sourceTree = "<group>"; };
		1E924C1C2EE4F5E70036DF8F /* chess-parallelization.xcodeproj */ = {isa = PBXFileReference; lastKnownFileType = "wrapper.pb-project"; path = "chess-parallelization.xcodeproj"; sourceTree = "<group>"; };
		1E924C1E2EE4F5E70036DF8F /* constants.h */ = {isa = PBXFileReference; lastKnownFileType = sourcecode.c.h; path = constants.h; sourceTree = "<group>"; };
		1E924C1F2EE4F5E70036DF8F /* history.h */ = {isa = PBXFileReference; lastKnownFileType = sourcecode.c.h; path = history.h; sourceTree = "<group>"; };
		1E924C202EE4F5E70036DF8F /* chess.hpp */ = {isa = PBXFileReference; lastKnownFileType = sourcecode.cpp.h; path = chess.hpp; sourceTree = "<group>"; };
		1E924C222EE4F5E70036DF8F /* killer_move.h */ = {isa = PBXFileReference; lastKnownFileType = sourcecode.c.h; path = killer_move.h; sourceTree = "<group>"; };
		1E924C232EE4F5E70036DF8F /* meson.build */ = {isa = PBXFileReference; lastKnownFileType = text; path = meson.build; sourceTree = "<group>"; };
		1E924C242EE4F5E70036DF8F /* README.md */ = {isa = PBXFileReference; lastKnownFileType = net.daringfireball.markdown; path = README.md; sourceTree = "<group>"; };
		1E924C252EE4F5E70036DF8F /* tests.cpp */ = {isa = PBXFileReference; lastKnownFileType = sourcecode.cpp.cpp; path = tests.cpp; sourceTree = "<group>"; };
		1E924C262EE4F5E70036DF8F /* thread_local_data.h */ = {isa = PBXFileReference; lastKnownFileType = sourcecode.c.h; path = thread_local_data.h; sourceTree = "<group>"; };
		1E924C272EE4F5E70036DF8F /* transposition_table.h */ = {isa = PBXFileReference; lastKnownFileType = sourcecode.c.h; path = transposition_table.h; sourceTree = "<group>"; };
		1E924C282EE4F5E70036DF8F /* tt_parallel.h */ = {isa = PBXFileReference; lastKnownFileType = sourcecode.c.h; path = tt_parallel.h; sourceTree = "<group>"; };
/* End PBXFileReference section */

/* Begin PBXGroup section */
		1E924BEA2EE4F5B40036DF8F = {
			isa = PBXGroup;
			children = (
				1E924C192EE4F5E70036DF8F /* build */,
				1E924C1A2EE4F5E70036DF8F /* chess_engine_parallelized.cpp */,
				1E924C1B2EE4F5E70036DF8F /* chess_sequential.cpp */,
				1E924C1D2EE4F5E70036DF8F /* chess-parallelization */,
				1E924C1E2EE4F5E70036DF8F /* constants.h */,
				1E924C1F2EE4F5E70036DF8F /* history.h */,
				1E924C212EE4F5E70036DF8F /* include */,
				1E924C222EE4F5E70036DF8F /* killer_move.h */,
				1E924C232EE4F5E70036DF8F /* meson.build */,
				1E924C242EE4F5E70036DF8F /* README.md */,
				1E924C252EE4F5E70036DF8F /* tests.cpp */,
				1E924C262EE4F5E70036DF8F /* thread_local_data.h */,
				1E924C272EE4F5E70036DF8F /* transposition_table.h */,
				1E924C282EE4F5E70036DF8F /* tt_parallel.h */,
			);
			sourceTree = "<group>";
		};
		1E924BF12EE4F5E70036DF8F /* chess_engine_optimized.cpp.p */ = {
			isa = PBXGroup;
			children = (
			);
			path = chess_engine_optimized.cpp.p;
			sourceTree = "<group>";
		};
		1E924BF22EE4F5E70036DF8F /* chess-parallelization.p */ = {
			isa = PBXGroup;
			children = (
			);
			path = "chess-parallelization.p";
			sourceTree = "<group>";
		};
		1E924BF32EE4F5E70036DF8F /* chess-test-runner.p */ = {
			isa = PBXGroup;
			children = (
			);
			path = "chess-test-runner.p";
			sourceTree = "<group>";
		};
		1E924BF62EE4F5E70036DF8F /* chess-tests.p */ = {
			isa = PBXGroup;
			children = (
				1E924BF42EE4F5E70036DF8F /* chess_engine_parallelized.cpp.o */,
				1E924BF52EE4F5E70036DF8F /* tests.cpp.o */,
			);
			path = "chess-tests.p";
			sourceTree = "<group>";
		};
		1E924BF72EE4F5E70036DF8F /* game_prototype.p */ = {
			isa = PBXGroup;
			children = (
			);
			path = game_prototype.p;
			sourceTree = "<group>";
		};
		1E924C042EE4F5E70036DF8F /* meson-info */ = {
			isa = PBXGroup;
			children = (
				1E924BF82EE4F5E70036DF8F /* intro-benchmarks.json */,
				1E924BF92EE4F5E70036DF8F /* intro-buildoptions.json */,
				1E924BFA2EE4F5E70036DF8F /* intro-buildsystem_files.json */,
				1E924BFB2EE4F5E70036DF8F /* intro-compilers.json */,
				1E924BFC2EE4F5E70036DF8F /* intro-dependencies.json */,
				1E924BFD2EE4F5E70036DF8F /* intro-install_plan.json */,
				1E924BFE2EE4F5E70036DF8F /* intro-installed.json */,
				1E924BFF2EE4F5E70036DF8F /* intro-machines.json */,
				1E924C002EE4F5E70036DF8F /* intro-projectinfo.json */,
				1E924C012EE4F5E70036DF8F /* intro-targets.json */,
				1E924C022EE4F5E70036DF8F /* intro-tests.json */,
				1E924C032EE4F5E70036DF8F /* meson-info.json */,
			);
			path = "meson-info";
			sourceTree = "<group>";
		};
		1E924C062EE4F5E70036DF8F /* meson-logs */ = {
			isa = PBXGroup;
			children = (
				1E924C052EE4F5E70036DF8F /* meson-log.txt */,
			);
			path = "meson-logs";
			sourceTree = "<group>";
		};
		1E924C112EE4F5E70036DF8F /* meson-private */ = {
			isa = PBXGroup;
			children = (
				1E924C072EE4F5E70036DF8F /* build.dat */,
				1E924C082EE4F5E70036DF8F /* cmd_line.txt */,
				1E924C092EE4F5E70036DF8F /* coredata.dat */,
				1E924C0A2EE4F5E70036DF8F /* coredata.dat.prev */,
				1E924C0B2EE4F5E70036DF8F /* install.dat */,
				1E924C0C2EE4F5E70036DF8F /* meson.lock */,
				1E924C0D2EE4F5E70036DF8F /* meson_benchmark_setup.dat */,
				1E924C0E2EE4F5E70036DF8F /* meson_test_setup.dat */,
				1E924C0F2EE4F5E70036DF8F /* sanitycheckcpp.cc */,
				1E924C102EE4F5E70036DF8F /* sanitycheckcpp.exe */,
			);
			path = "meson-private";
			sourceTree = "<group>";
		};
		1E924C192EE4F5E70036DF8F /* build */ = {
			isa = PBXGroup;
			children = (
				1E924BF12EE4F5E70036DF8F /* chess_engine_optimized.cpp.p */,
				1E924BF22EE4F5E70036DF8F /* chess-parallelization.p */,
				1E924BF32EE4F5E70036DF8F /* chess-test-runner.p */,
				1E924BF62EE4F5E70036DF8F /* chess-tests.p */,
				1E924BF72EE4F5E70036DF8F /* game_prototype.p */,
				1E924C042EE4F5E70036DF8F /* meson-info */,
				1E924C062EE4F5E70036DF8F /* meson-logs */,
				1E924C112EE4F5E70036DF8F /* meson-private */,
				1E924C122EE4F5E70036DF8F /* .gitignore */,
				1E924C132EE4F5E70036DF8F /* .hgignore */,
				1E924C142EE4F5E70036DF8F /* .ninja_deps */,
				1E924C152EE4F5E70036DF8F /* .ninja_log */,
				1E924C162EE4F5E70036DF8F /* build.ninja */,
				1E924C172EE4F5E70036DF8F /* chess-tests */,
				1E924C182EE4F5E70036DF8F /* compile_commands.json */,
			);
			path = build;
			sourceTree = "<group>";
		};
		1E924C1D2EE4F5E70036DF8F /* chess-parallelization */ = {
			isa = PBXGroup;
			children = (
				1E924C1C2EE4F5E70036DF8F /* chess-parallelization.xcodeproj */,
			);
			path = "chess-parallelization";
			sourceTree = "<group>";
		};
		1E924C212EE4F5E70036DF8F /* include */ = {
			isa = PBXGroup;
			children = (
				1E924C202EE4F5E70036DF8F /* chess.hpp */,
			);
			path = include;
			sourceTree = "<group>";
		};
		1E924C292EE4F5E70036DF8F /* Products */ = {
			isa = PBXGroup;
			name = Products;
			sourceTree = "<group>";
		};
/* End PBXGroup section */

/* Begin PBXProject section */
		1E924BEB2EE4F5B40036DF8F /* Project object */ = {
			isa = PBXProject;
			attributes = {
				BuildIndependentTargetsInParallel = 1;
				LastUpgradeCheck = 1620;
			};
			buildConfigurationList = 1E924BEE2EE4F5B40036DF8F /* Build configuration list for PBXProject "chess-parallelization" */;
			developmentRegion = en;
			hasScannedForEncodings = 0;
			knownRegions = (
				en,
				Base,
			);
			mainGroup = 1E924BEA2EE4F5B40036DF8F;
			minimizedProjectReferenceProxies = 1;
			preferredProjectObjectVersion = 77;
			projectDirPath = "";
			projectReferences = (
				{
					ProductGroup = 1E924C292EE4F5E70036DF8F /* Products */;
					ProjectRef = 1E924C1C2EE4F5E70036DF8F /* chess-parallelization.xcodeproj */;
				},
			);
			projectRoot = "";
			targets = (
			);
		};
/* End PBXProject section */

/* Begin XCBuildConfiguration section */
		1E924BEF2EE4F5B40036DF8F /* Debug */ = {
			isa = XCBuildConfiguration;
			buildSettings = {
			};
			name = Debug;
		};
		1E924BF02EE4F5B40036DF8F /* Release */ = {
			isa = XCBuildConfiguration;
			buildSettings = {
			};
			name = Release;
		};
/* End XCBuildConfiguration section */

/* Begin XCConfigurationList section */
		1E924BEE2EE4F5B40036DF8F /* Build configuration list for PBXProject "chess-parallelization" */ = {
			isa = XCConfigurationList;
			buildConfigurations = (
				1E924BEF2EE4F5B40036DF8F /* Debug */,
				1E924BF02EE4F5B40036DF8F /* Release */,
			);
			defaultConfigurationIsVisible = 0;
			defaultConfigurationName = Release;
		};
/* End XCConfigurationList section */
	};
	rootObject = 1E924BEB2EE4F5B40036DF8F /* Project object */;
}
